
Microsoft Visual Studio Solution File, Format Version 12.00
# Visual Studio Version 17
VisualStudioVersion = 17.0.31903.59
MinimumVisualStudioVersion = 10.0.40219.1
Project("{2150E333-8FDC-42A3-9474-1A3956D46DE8}") = "src", "src", "{18A64E25-9557-457B-80AE-A6EFE853118D}"
EndProject
Project("{FAE04EC0-301F-11D3-BF4B-00C04F79EFBC}") = "Lua", "src\Lua\Lua.csproj", "{6E33BFBC-E51F-493E-9AF0-30C1100F5B5D}"
EndProject
Project("{2150E333-8FDC-42A3-9474-1A3956D46DE8}") = "tests", "tests", "{79458370-DD8A-48A4-B11E-8DF631520E8C}"
EndProject
Project("{FAE04EC0-301F-11D3-BF4B-00C04F79EFBC}") = "Lua.Tests", "tests\Lua.Tests\Lua.Tests.csproj", "{7572B7BC-FC73-42F0-B4F7-DA291B4EDB36}"
EndProject
Project("{2150E333-8FDC-42A3-9474-1A3956D46DE8}") = "sandbox", "sandbox", "{33883F28-679F-48AD-8E64-3515C7BDAF5A}"
EndProject
Project("{FAE04EC0-301F-11D3-BF4B-00C04F79EFBC}") = "ConsoleApp1", "sandbox\ConsoleApp1\ConsoleApp1.csproj", "{718A361C-AAF3-45A4-84D4-8C4FB6BB374E}"
EndProject
Project("{FAE04EC0-301F-11D3-BF4B-00C04F79EFBC}") = "Benchmark", "sandbox\Benchmark\Benchmark.csproj", "{FC157C29-8AAE-49C8-9536-208E3F0698DA}"
EndProject
Project("{FAE04EC0-301F-11D3-BF4B-00C04F79EFBC}") = "Lua.SourceGenerator", "src\Lua.SourceGenerator\Lua.SourceGenerator.csproj", "{C4BB264C-4D37-4E2D-99FD-4918CE22D7E4}"
EndProject
Global
	GlobalSection(SolutionConfigurationPlatforms) = preSolution
		Debug|Any CPU = Debug|Any CPU
		Release|Any CPU = Release|Any CPU
	EndGlobalSection
	GlobalSection(SolutionProperties) = preSolution
		HideSolutionNode = FALSE
	EndGlobalSection
	GlobalSection(ProjectConfigurationPlatforms) = postSolution
		{6E33BFBC-E51F-493E-9AF0-30C1100F5B5D}.Debug|Any CPU.ActiveCfg = Debug|Any CPU
		{6E33BFBC-E51F-493E-9AF0-30C1100F5B5D}.Debug|Any CPU.Build.0 = Debug|Any CPU
		{6E33BFBC-E51F-493E-9AF0-30C1100F5B5D}.Release|Any CPU.ActiveCfg = Release|Any CPU
		{6E33BFBC-E51F-493E-9AF0-30C1100F5B5D}.Release|Any CPU.Build.0 = Release|Any CPU
		{7572B7BC-FC73-42F0-B4F7-DA291B4EDB36}.Debug|Any CPU.ActiveCfg = Debug|Any CPU
		{7572B7BC-FC73-42F0-B4F7-DA291B4EDB36}.Debug|Any CPU.Build.0 = Debug|Any CPU
		{7572B7BC-FC73-42F0-B4F7-DA291B4EDB36}.Release|Any CPU.ActiveCfg = Release|Any CPU
		{7572B7BC-FC73-42F0-B4F7-DA291B4EDB36}.Release|Any CPU.Build.0 = Release|Any CPU
		{718A361C-AAF3-45A4-84D4-8C4FB6BB374E}.Debug|Any CPU.ActiveCfg = Debug|Any CPU
		{718A361C-AAF3-45A4-84D4-8C4FB6BB374E}.Debug|Any CPU.Build.0 = Debug|Any CPU
		{718A361C-AAF3-45A4-84D4-8C4FB6BB374E}.Release|Any CPU.ActiveCfg = Release|Any CPU
		{718A361C-AAF3-45A4-84D4-8C4FB6BB374E}.Release|Any CPU.Build.0 = Release|Any CPU
		{FC157C29-8AAE-49C8-9536-208E3F0698DA}.Debug|Any CPU.ActiveCfg = Debug|Any CPU
		{FC157C29-8AAE-49C8-9536-208E3F0698DA}.Debug|Any CPU.Build.0 = Debug|Any CPU
		{FC157C29-8AAE-49C8-9536-208E3F0698DA}.Release|Any CPU.ActiveCfg = Release|Any CPU
		{FC157C29-8AAE-49C8-9536-208E3F0698DA}.Release|Any CPU.Build.0 = Release|Any CPU
		{C4BB264C-4D37-4E2D-99FD-4918CE22D7E4}.Debug|Any CPU.ActiveCfg = Debug|Any CPU
		{C4BB264C-4D37-4E2D-99FD-4918CE22D7E4}.Debug|Any CPU.Build.0 = Debug|Any CPU
		{C4BB264C-4D37-4E2D-99FD-4918CE22D7E4}.Release|Any CPU.ActiveCfg = Release|Any CPU
		{C4BB264C-4D37-4E2D-99FD-4918CE22D7E4}.Release|Any CPU.Build.0 = Release|Any CPU
	EndGlobalSection
	GlobalSection(NestedProjects) = preSolution
		{6E33BFBC-E51F-493E-9AF0-30C1100F5B5D} = {18A64E25-9557-457B-80AE-A6EFE853118D}
		{7572B7BC-FC73-42F0-B4F7-DA291B4EDB36} = {79458370-DD8A-48A4-B11E-8DF631520E8C}
		{718A361C-AAF3-45A4-84D4-8C4FB6BB374E} = {33883F28-679F-48AD-8E64-3515C7BDAF5A}
		{FC157C29-8AAE-49C8-9536-208E3F0698DA} = {33883F28-679F-48AD-8E64-3515C7BDAF5A}
		{C4BB264C-4D37-4E2D-99FD-4918CE22D7E4} = {18A64E25-9557-457B-80AE-A6EFE853118D}
	EndGlobalSection
EndGlobal
